
Microsoft Visual Studio Solution File, Format Version 12.00
# Visual Studio 15
VisualStudioVersion = 15.0.28010.2048
MinimumVisualStudioVersion = 10.0.40219.1
Project("{FAE04EC0-301F-11D3-BF4B-00C04F79EFBC}") = "TaskLearning", "TaskLearning\TaskLearning.csproj", "{9800EA6E-7A03-4F80-A584-A61D7E2180E5}"
EndProject
Global
	GlobalSection(SolutionConfigurationPlatforms) = preSolution
		Debug|Any CPU = Debug|Any CPU
		Release|Any CPU = Release|Any CPU
	EndGlobalSection
	GlobalSection(ProjectConfigurationPlatforms) = postSolution
		{9800EA6E-7A03-4F80-A584-A61D7E2180E5}.Debug|Any CPU.ActiveCfg = Debug|Any CPU
		{9800EA6E-7A03-4F80-A584-A61D7E2180E5}.Debug|Any CPU.Build.0 = Debug|Any CPU
		{9800EA6E-7A03-4F80-A584-A61D7E2180E5}.Release|Any CPU.ActiveCfg = Release|Any CPU
		{9800EA6E-7A03-4F80-A584-A61D7E2180E5}.Release|Any CPU.Build.0 = Release|Any CPU
	EndGlobalSection
	GlobalSection(SolutionProperties) = preSolution
		HideSolutionNode = FALSE
	EndGlobalSection
	GlobalSection(ExtensibilityGlobals) = postSolution
		SolutionGuid = {F60DF4B5-2A50-4075-B97C-627C38FB8101}
	EndGlobalSection
EndGlobal
